
Microsoft Visual Studio Solution File, Format Version 12.00
# Visual Studio Version 16
VisualStudioVersion = 16.0.30204.135
MinimumVisualStudioVersion = 10.0.40219.1
Project("{FAE04EC0-301F-11D3-BF4B-00C04F79EFBC}") = "GuildCars.UI", "GuildCars.UI\GuildCars.UI.csproj", "{DE602B91-5F02-449E-AF61-FDC668612D99}"
EndProject
Project("{FAE04EC0-301F-11D3-BF4B-00C04F79EFBC}") = "GuildCars.Data", "GuildCars.Data\GuildCars.Data.csproj", "{4F396842-B69C-4713-8069-294BBBB16276}"
EndProject
Project("{FAE04EC0-301F-11D3-BF4B-00C04F79EFBC}") = "GuildCars.Models", "GuildCars.Models\GuildCars.Models.csproj", "{5DEF0019-9D47-484E-80B3-3DA5871878B6}"
EndProject
Project("{FAE04EC0-301F-11D3-BF4B-00C04F79EFBC}") = "GuildCars.Tests.Mock", "GuildCars.Tests.Mock\GuildCars.Tests.Mock.csproj", "{D8DE1DC0-030C-458B-A706-9F84D5D1B165}"
EndProject
Project("{FAE04EC0-301F-11D3-BF4B-00C04F79EFBC}") = "GuildCars.Tests.ADO", "GuildCars.Tests.ADO\GuildCars.Tests.ADO.csproj", "{869802BD-5A15-4CEE-9F69-437BEB8AF181}"
EndProject
Global
	GlobalSection(SolutionConfigurationPlatforms) = preSolution
		Debug|Any CPU = Debug|Any CPU
		Release|Any CPU = Release|Any CPU
	EndGlobalSection
	GlobalSection(ProjectConfigurationPlatforms) = postSolution
		{DE602B91-5F02-449E-AF61-FDC668612D99}.Debug|Any CPU.ActiveCfg = Debug|Any CPU
		{DE602B91-5F02-449E-AF61-FDC668612D99}.Debug|Any CPU.Build.0 = Debug|Any CPU
		{DE602B91-5F02-449E-AF61-FDC668612D99}.Release|Any CPU.ActiveCfg = Release|Any CPU
		{DE602B91-5F02-449E-AF61-FDC668612D99}.Release|Any CPU.Build.0 = Release|Any CPU
		{4F396842-B69C-4713-8069-294BBBB16276}.Debug|Any CPU.ActiveCfg = Debug|Any CPU
		{4F396842-B69C-4713-8069-294BBBB16276}.Debug|Any CPU.Build.0 = Debug|Any CPU
		{4F396842-B69C-4713-8069-294BBBB16276}.Release|Any CPU.ActiveCfg = Release|Any CPU
		{4F396842-B69C-4713-8069-294BBBB16276}.Release|Any CPU.Build.0 = Release|Any CPU
		{5DEF0019-9D47-484E-80B3-3DA5871878B6}.Debug|Any CPU.ActiveCfg = Debug|Any CPU
		{5DEF0019-9D47-484E-80B3-3DA5871878B6}.Debug|Any CPU.Build.0 = Debug|Any CPU
		{5DEF0019-9D47-484E-80B3-3DA5871878B6}.Release|Any CPU.ActiveCfg = Release|Any CPU
		{5DEF0019-9D47-484E-80B3-3DA5871878B6}.Release|Any CPU.Build.0 = Release|Any CPU
		{D8DE1DC0-030C-458B-A706-9F84D5D1B165}.Debug|Any CPU.ActiveCfg = Debug|Any CPU
		{D8DE1DC0-030C-458B-A706-9F84D5D1B165}.Debug|Any CPU.Build.0 = Debug|Any CPU
		{D8DE1DC0-030C-458B-A706-9F84D5D1B165}.Release|Any CPU.ActiveCfg = Release|Any CPU
		{D8DE1DC0-030C-458B-A706-9F84D5D1B165}.Release|Any CPU.Build.0 = Release|Any CPU
		{869802BD-5A15-4CEE-9F69-437BEB8AF181}.Debug|Any CPU.ActiveCfg = Debug|Any CPU
		{869802BD-5A15-4CEE-9F69-437BEB8AF181}.Debug|Any CPU.Build.0 = Debug|Any CPU
		{869802BD-5A15-4CEE-9F69-437BEB8AF181}.Release|Any CPU.ActiveCfg = Release|Any CPU
		{869802BD-5A15-4CEE-9F69-437BEB8AF181}.Release|Any CPU.Build.0 = Release|Any CPU
	EndGlobalSection
	GlobalSection(SolutionProperties) = preSolution
		HideSolutionNode = FALSE
	EndGlobalSection
	GlobalSection(ExtensibilityGlobals) = postSolution
		SolutionGuid = {D422DF9E-2BA3-4101-9AA4-E75181D724CF}
	EndGlobalSection
EndGlobal
